
Microsoft Visual Studio Solution File, Format Version 12.00
# Visual Studio Version 16
VisualStudioVersion = 16.0.31702.278
MinimumVisualStudioVersion = 10.0.40219.1
Project("{FAE04EC0-301F-11D3-BF4B-00C04F79EFBC}") = "Assignment_2", "Assignment_2\Assignment_2.csproj", "{2F2D1486-BB21-4461-B983-8FEEB369C6EA}"
EndProject
Global
	GlobalSection(SolutionConfigurationPlatforms) = preSolution
		Debug|Any CPU = Debug|Any CPU
		Release|Any CPU = Release|Any CPU
	EndGlobalSection
	GlobalSection(ProjectConfigurationPlatforms) = postSolution
		{2F2D1486-BB21-4461-B983-8FEEB369C6EA}.Debug|Any CPU.ActiveCfg = Debug|Any CPU
		{2F2D1486-BB21-4461-B983-8FEEB369C6EA}.Debug|Any CPU.Build.0 = Debug|Any CPU
		{2F2D1486-BB21-4461-B983-8FEEB369C6EA}.Release|Any CPU.ActiveCfg = Release|Any CPU
		{2F2D1486-BB21-4461-B983-8FEEB369C6EA}.Release|Any CPU.Build.0 = Release|Any CPU
	EndGlobalSection
	GlobalSection(SolutionProperties) = preSolution
		HideSolutionNode = FALSE
	EndGlobalSection
	GlobalSection(ExtensibilityGlobals) = postSolution
		SolutionGuid = {DBD57C84-0E8A-46E4-98C0-4E1C7CE3E195}
	EndGlobalSection
EndGlobal
